
Microsoft Visual Studio Solution File, Format Version 12.00
# Visual Studio 2013
VisualStudioVersion = 12.0.30723.0
MinimumVisualStudioVersion = 10.0.40219.1
Project("{FAE04EC0-301F-11D3-BF4B-00C04F79EFBC}") = "alltheairgeadApp", "alltheairgeadApp\alltheairgeadApp.csproj", "{158B92B2-2C35-4BF2-B160-45FF537B143F}"
EndProject
Project("{FAE04EC0-301F-11D3-BF4B-00C04F79EFBC}") = "alltheairgeadmobileService", "..\AllTheAirgeadMobile\alltheairgeadmobileService\alltheairgeadmobileService.csproj", "{209FA716-A7AD-4095-BD70-C8710FC66FA7}"
EndProject
Global
	GlobalSection(SolutionConfigurationPlatforms) = preSolution
		Debug|Any CPU = Debug|Any CPU
		Debug|ARM = Debug|ARM
		Debug|x86 = Debug|x86
		Release|Any CPU = Release|Any CPU
		Release|ARM = Release|ARM
		Release|x86 = Release|x86
	EndGlobalSection
	GlobalSection(ProjectConfigurationPlatforms) = postSolution
		{158B92B2-2C35-4BF2-B160-45FF537B143F}.Debug|Any CPU.ActiveCfg = Debug|Any CPU
		{158B92B2-2C35-4BF2-B160-45FF537B143F}.Debug|Any CPU.Build.0 = Debug|Any CPU
		{158B92B2-2C35-4BF2-B160-45FF537B143F}.Debug|Any CPU.Deploy.0 = Debug|Any CPU
		{158B92B2-2C35-4BF2-B160-45FF537B143F}.Debug|ARM.ActiveCfg = Debug|ARM
		{158B92B2-2C35-4BF2-B160-45FF537B143F}.Debug|ARM.Build.0 = Debug|ARM
		{158B92B2-2C35-4BF2-B160-45FF537B143F}.Debug|ARM.Deploy.0 = Debug|ARM
		{158B92B2-2C35-4BF2-B160-45FF537B143F}.Debug|x86.ActiveCfg = Debug|x86
		{158B92B2-2C35-4BF2-B160-45FF537B143F}.Debug|x86.Build.0 = Debug|x86
		{158B92B2-2C35-4BF2-B160-45FF537B143F}.Debug|x86.Deploy.0 = Debug|x86
		{158B92B2-2C35-4BF2-B160-45FF537B143F}.Release|Any CPU.ActiveCfg = Release|Any CPU
		{158B92B2-2C35-4BF2-B160-45FF537B143F}.Release|Any CPU.Build.0 = Release|Any CPU
		{158B92B2-2C35-4BF2-B160-45FF537B143F}.Release|Any CPU.Deploy.0 = Release|Any CPU
		{158B92B2-2C35-4BF2-B160-45FF537B143F}.Release|ARM.ActiveCfg = Release|ARM
		{158B92B2-2C35-4BF2-B160-45FF537B143F}.Release|ARM.Build.0 = Release|ARM
		{158B92B2-2C35-4BF2-B160-45FF537B143F}.Release|ARM.Deploy.0 = Release|ARM
		{158B92B2-2C35-4BF2-B160-45FF537B143F}.Release|x86.ActiveCfg = Release|x86
		{158B92B2-2C35-4BF2-B160-45FF537B143F}.Release|x86.Build.0 = Release|x86
		{158B92B2-2C35-4BF2-B160-45FF537B143F}.Release|x86.Deploy.0 = Release|x86
		{209FA716-A7AD-4095-BD70-C8710FC66FA7}.Debug|Any CPU.ActiveCfg = Debug|Any CPU
		{209FA716-A7AD-4095-BD70-C8710FC66FA7}.Debug|Any CPU.Build.0 = Debug|Any CPU
		{209FA716-A7AD-4095-BD70-C8710FC66FA7}.Debug|ARM.ActiveCfg = Debug|Any CPU
		{209FA716-A7AD-4095-BD70-C8710FC66FA7}.Debug|x86.ActiveCfg = Debug|Any CPU
		{209FA716-A7AD-4095-BD70-C8710FC66FA7}.Release|Any CPU.ActiveCfg = Release|Any CPU
		{209FA716-A7AD-4095-BD70-C8710FC66FA7}.Release|Any CPU.Build.0 = Release|Any CPU
		{209FA716-A7AD-4095-BD70-C8710FC66FA7}.Release|ARM.ActiveCfg = Release|Any CPU
		{209FA716-A7AD-4095-BD70-C8710FC66FA7}.Release|x86.ActiveCfg = Release|Any CPU
	EndGlobalSection
	GlobalSection(SolutionProperties) = preSolution
		HideSolutionNode = FALSE
	EndGlobalSection
EndGlobal
